
Microsoft Visual Studio Solution File, Format Version 12.00
# Visual Studio 15
VisualStudioVersion = 15.0.28307.168
MinimumVisualStudioVersion = 10.0.40219.1
Project("{FAE04EC0-301F-11D3-BF4B-00C04F79EFBC}") = "Pong", "Pong\Pong.csproj", "{DC5F7294-2520-4924-9E80-5F4816F1DF96}"
EndProject
Global
	GlobalSection(SolutionConfigurationPlatforms) = preSolution
		Debug|Any CPU = Debug|Any CPU
		Release|Any CPU = Release|Any CPU
	EndGlobalSection
	GlobalSection(ProjectConfigurationPlatforms) = postSolution
		{DC5F7294-2520-4924-9E80-5F4816F1DF96}.Debug|Any CPU.ActiveCfg = Debug|Any CPU
		{DC5F7294-2520-4924-9E80-5F4816F1DF96}.Debug|Any CPU.Build.0 = Debug|Any CPU
		{DC5F7294-2520-4924-9E80-5F4816F1DF96}.Release|Any CPU.ActiveCfg = Release|Any CPU
		{DC5F7294-2520-4924-9E80-5F4816F1DF96}.Release|Any CPU.Build.0 = Release|Any CPU
	EndGlobalSection
	GlobalSection(SolutionProperties) = preSolution
		HideSolutionNode = FALSE
	EndGlobalSection
	GlobalSection(ExtensibilityGlobals) = postSolution
		SolutionGuid = {1F01A65D-F851-4CF9-BA70-A519700CC356}
	EndGlobalSection
EndGlobal
